<?xml version="1.0" encoding="utf-8"?>
<Project ToolsVersion="4.0" xmlns="http://schemas.microsoft.com/developer/msbuild/2003">
  <ItemGroup>
    <Filter Include="Source files">
      <UniqueIdentifier>{5ba385bd-71ec-4fca-9005-52810e24e869}</UniqueIdentifier>
      <Extensions>cpp;c;cc;cxx;def;odl;idl;hpj;bat;asm;asmx</Extensions>
    </Filter>
    <Filter Include="Header files">
      <UniqueIdentifier>{ca91b71e-1db2-426f-be41-14f52a5ae57d}</UniqueIdentifier>
      <Extensions>h;hpp;hxx;hm;inl;inc;xsd</Extensions>
    </Filter>
    <Filter Include="Resource files">
      <UniqueIdentifier>{c0944173-1d69-4105-bfc0-df7b4e07f683}</UniqueIdentifier>
      <Extensions>rc;ico;cur;bmp;dlg;rc2;rct;bin;rgs;gif;jpg;jpeg;jpe;resx;tiff;tif;png;wav</Extensions>
    </Filter>
    <Filter Include="Source files\Device-specific files">
      <UniqueIdentifier>{d9736093-139d-49b0-af40-b58af64c89d8}</UniqueIdentifier>
    </Filter>
    <Filter Include="Source files\Device-specific files\Semihosting/Profiler">
      <UniqueIdentifier>{83ebbe0d-d1b2-4c66-a32a-b1ec2a0463fa}</UniqueIdentifier>
    </Filter>
    <Filter Include="Source files\Device-specific files\Test Framework">
      <UniqueIdentifier>{08bdcb4b-119b-4ef5-a959-c60b6a0b869b}</UniqueIdentifier>
    </Filter>
    <Filter Include="Header files\Device-specific files">
      <UniqueIdentifier>{b0a2e2fd-d6d8-4205-a885-63e52ae5db1c}</UniqueIdentifier>
    </Filter>
    <Filter Include="Header files\Device-specific files\Semihosting/Profiler">
      <UniqueIdentifier>{1e1a0eb7-7021-4a30-87c7-aa4a8ac61a06}</UniqueIdentifier>
    </Filter>
    <Filter Include="Header files\Device-specific files\Test Framework">
      <UniqueIdentifier>{8fbf872b-d7b8-4424-9361-34f07b2f2586}</UniqueIdentifier>
    </Filter>
    <Filter Include="VisualGDB settings">
      <UniqueIdentifier>{879697cb-89fb-4da5-85e1-c4615f602af1}</UniqueIdentifier>
    </Filter>
    <Filter Include="ProjectSources">
      <UniqueIdentifier>{4b17cf0c-fe11-4957-8ea3-3a1a8f8edfbb}</UniqueIdentifier>
    </Filter>
  </ItemGroup>
  <ItemGroup>
    <None Include="stm32.props">
      <Filter>Source files\Device-specific files</Filter>
    </None>
    <ClCompile Include="$(EFP_BASE)\Profiler\FastSemihosting.cpp">
      <Filter>Source files\Device-specific files\Semihosting/Profiler</Filter>
    </ClCompile>
    <ClCompile Include="$(EFP_BASE)\Profiler\InstrumentingProfiler.cpp">
      <Filter>Source files\Device-specific files\Semihosting/Profiler</Filter>
    </ClCompile>
    <ClCompile Include="$(EFP_BASE)\Profiler\TestResourceManager.cpp">
      <Filter>Source files\Device-specific files\Semihosting/Profiler</Filter>
    </ClCompile>
    <ClCompile Include="$(EFP_BASE)\Profiler\ProfilerRTOS_FreeRTOS.c">
      <Filter>Source files\Device-specific files\Semihosting/Profiler</Filter>
    </ClCompile>
    <ClCompile Include="$(TESTFW_BASE_LOCAL)\com.sysprogs.unittest.CppUTest\src\CppUTest\CommandLineArguments.cpp">
      <Filter>Source files\Device-specific files\Test Framework</Filter>
    </ClCompile>
    <ClCompile Include="$(TESTFW_BASE_LOCAL)\com.sysprogs.unittest.CppUTest\src\CppUTest\CommandLineTestRunner.cpp">
      <Filter>Source files\Device-specific files\Test Framework</Filter>
    </ClCompile>
    <ClCompile Include="$(TESTFW_BASE_LOCAL)\com.sysprogs.unittest.CppUTest\src\CppUTest\JUnitTestOutput.cpp">
      <Filter>Source files\Device-specific files\Test Framework</Filter>
    </ClCompile>
    <ClCompile Include="$(TESTFW_BASE_LOCAL)\com.sysprogs.unittest.CppUTest\src\CppUTest\MemoryLeakDetector.cpp">
      <Filter>Source files\Device-specific files\Test Framework</Filter>
    </ClCompile>
    <ClCompile Include="$(TESTFW_BASE_LOCAL)\com.sysprogs.unittest.CppUTest\src\CppUTest\MemoryLeakWarningPlugin.cpp">
      <Filter>Source files\Device-specific files\Test Framework</Filter>
    </ClCompile>
    <ClCompile Include="$(TESTFW_BASE_LOCAL)\com.sysprogs.unittest.CppUTest\src\CppUTest\SimpleMutex.cpp">
      <Filter>Source files\Device-specific files\Test Framework</Filter>
    </ClCompile>
    <ClCompile Include="$(TESTFW_BASE_LOCAL)\com.sysprogs.unittest.CppUTest\src\CppUTest\SimpleString.cpp">
      <Filter>Source files\Device-specific files\Test Framework</Filter>
    </ClCompile>
    <ClCompile Include="$(TESTFW_BASE_LOCAL)\com.sysprogs.unittest.CppUTest\src\CppUTest\TeamCityTestOutput.cpp">
      <Filter>Source files\Device-specific files\Test Framework</Filter>
    </ClCompile>
    <ClCompile Include="$(TESTFW_BASE_LOCAL)\com.sysprogs.unittest.CppUTest\src\CppUTest\TestFailure.cpp">
      <Filter>Source files\Device-specific files\Test Framework</Filter>
    </ClCompile>
    <ClCompile Include="$(TESTFW_BASE_LOCAL)\com.sysprogs.unittest.CppUTest\src\CppUTest\TestFilter.cpp">
      <Filter>Source files\Device-specific files\Test Framework</Filter>
    </ClCompile>
    <ClCompile Include="$(TESTFW_BASE_LOCAL)\com.sysprogs.unittest.CppUTest\src\CppUTest\TestHarness_c.cpp">
      <Filter>Source files\Device-specific files\Test Framework</Filter>
    </ClCompile>
    <ClCompile Include="$(TESTFW_BASE_LOCAL)\com.sysprogs.unittest.CppUTest\src\CppUTest\TestMemoryAllocator.cpp">
      <Filter>Source files\Device-specific files\Test Framework</Filter>
    </ClCompile>
    <ClCompile Include="$(TESTFW_BASE_LOCAL)\com.sysprogs.unittest.CppUTest\src\CppUTest\TestOutput.cpp">
      <Filter>Source files\Device-specific files\Test Framework</Filter>
    </ClCompile>
    <ClCompile Include="$(TESTFW_BASE_LOCAL)\com.sysprogs.unittest.CppUTest\src\CppUTest\TestPlugin.cpp">
      <Filter>Source files\Device-specific files\Test Framework</Filter>
    </ClCompile>
    <ClCompile Include="$(TESTFW_BASE_LOCAL)\com.sysprogs.unittest.CppUTest\src\CppUTest\TestRegistry.cpp">
      <Filter>Source files\Device-specific files\Test Framework</Filter>
    </ClCompile>
    <ClCompile Include="$(TESTFW_BASE_LOCAL)\com.sysprogs.unittest.CppUTest\src\CppUTest\TestResult.cpp">
      <Filter>Source files\Device-specific files\Test Framework</Filter>
    </ClCompile>
    <ClCompile Include="$(TESTFW_BASE_LOCAL)\com.sysprogs.unittest.CppUTest\src\CppUTest\TestTestingFixture.cpp">
      <Filter>Source files\Device-specific files\Test Framework</Filter>
    </ClCompile>
    <ClCompile Include="$(TESTFW_BASE_LOCAL)\com.sysprogs.unittest.CppUTest\src\CppUTest\Utest.cpp">
      <Filter>Source files\Device-specific files\Test Framework</Filter>
    </ClCompile>
    <ClCompile Include="$(TESTFW_BASE_LOCAL)\com.sysprogs.unittest.CppUTest\Platforms\SysprogsTestHooks.cpp">
      <Filter>Source files\Device-specific files\Test Framework</Filter>
    </ClCompile>
    <ClCompile Include="$(TESTFW_BASE_LOCAL)\com.sysprogs.unittest.CppUTest\Platforms\Embedded\UtestPlatformEmbedded.cpp">
      <Filter>Source files\Device-specific files\Test Framework</Filter>
    </ClCompile>
    <ClInclude Include="$(EFP_BASE)\Profiler\SysprogsProfiler.h">
      <Filter>Header files\Device-specific files\Semihosting/Profiler</Filter>
    </ClInclude>
    <ClInclude Include="$(EFP_BASE)\Profiler\SmallNumberCoder.h">
      <Filter>Header files\Device-specific files\Semihosting/Profiler</Filter>
    </ClInclude>
    <ClInclude Include="$(EFP_BASE)\Profiler\SysprogsProfilerInterface.h">
      <Filter>Header files\Device-specific files\Semihosting/Profiler</Filter>
    </ClInclude>
    <ClInclude Include="$(EFP_BASE)\Profiler\ProfilerFreeRTOSHooks.h">
      <Filter>Header files\Device-specific files\Semihosting/Profiler</Filter>
    </ClInclude>
    <ClInclude Include="$(EFP_BASE)\Profiler\CustomRealTimeWatches.h">
      <Filter>Header files\Device-specific files\Semihosting/Profiler</Filter>
    </ClInclude>
    <ClInclude Include="$(EFP_BASE)\Profiler\DebuggerChecker.h">
      <Filter>Header files\Device-specific files\Semihosting/Profiler</Filter>
    </ClInclude>
    <ClInclude Include="$(TESTFW_BASE_LOCAL)\com.sysprogs.unittest.CppUTest\include\CppUTest\CommandLineArguments.h">
      <Filter>Header files\Device-specific files\Test Framework</Filter>
    </ClInclude>
    <ClInclude Include="$(TESTFW_BASE_LOCAL)\com.sysprogs.unittest.CppUTest\include\CppUTest\CommandLineTestRunner.h">
      <Filter>Header files\Device-specific files\Test Framework</Filter>
    </ClInclude>
    <ClInclude Include="$(TESTFW_BASE_LOCAL)\com.sysprogs.unittest.CppUTest\include\CppUTest\CppUTestConfig.h">
      <Filter>Header files\Device-specific files\Test Framework</Filter>
    </ClInclude>
    <ClInclude Include="$(TESTFW_BASE_LOCAL)\com.sysprogs.unittest.CppUTest\include\CppUTest\CppUTestGeneratedConfig.h">
      <Filter>Header files\Device-specific files\Test Framework</Filter>
    </ClInclude>
    <ClInclude Include="$(TESTFW_BASE_LOCAL)\com.sysprogs.unittest.CppUTest\include\CppUTest\JUnitTestOutput.h">
      <Filter>Header files\Device-specific files\Test Framework</Filter>
    </ClInclude>
    <ClInclude Include="$(TESTFW_BASE_LOCAL)\com.sysprogs.unittest.CppUTest\include\CppUTest\MemoryLeakDetector.h">
      <Filter>Header files\Device-specific files\Test Framework</Filter>
    </ClInclude>
    <ClInclude Include="$(TESTFW_BASE_LOCAL)\com.sysprogs.unittest.CppUTest\include\CppUTest\MemoryLeakDetectorMallocMacros.h">
      <Filter>Header files\Device-specific files\Test Framework</Filter>
    </ClInclude>
    <ClInclude Include="$(TESTFW_BASE_LOCAL)\com.sysprogs.unittest.CppUTest\include\CppUTest\MemoryLeakDetectorNewMacros.h">
      <Filter>Header files\Device-specific files\Test Framework</Filter>
    </ClInclude>
    <ClInclude Include="$(TESTFW_BASE_LOCAL)\com.sysprogs.unittest.CppUTest\include\CppUTest\MemoryLeakWarningPlugin.h">
      <Filter>Header files\Device-specific files\Test Framework</Filter>
    </ClInclude>
    <ClInclude Include="$(TESTFW_BASE_LOCAL)\com.sysprogs.unittest.CppUTest\include\CppUTest\PlatformSpecificFunctions.h">
      <Filter>Header files\Device-specific files\Test Framework</Filter>
    </ClInclude>
    <ClInclude Include="$(TESTFW_BASE_LOCAL)\com.sysprogs.unittest.CppUTest\include\CppUTest\PlatformSpecificFunctions_c.h">
      <Filter>Header files\Device-specific files\Test Framework</Filter>
    </ClInclude>
    <ClInclude Include="$(TESTFW_BASE_LOCAL)\com.sysprogs.unittest.CppUTest\include\CppUTest\SimpleMutex.h">
      <Filter>Header files\Device-specific files\Test Framework</Filter>
    </ClInclude>
    <ClInclude Include="$(TESTFW_BASE_LOCAL)\com.sysprogs.unittest.CppUTest\include\CppUTest\SimpleString.h">
      <Filter>Header files\Device-specific files\Test Framework</Filter>
    </ClInclude>
    <ClInclude Include="$(TESTFW_BASE_LOCAL)\com.sysprogs.unittest.CppUTest\include\CppUTest\StandardCLibrary.h">
      <Filter>Header files\Device-specific files\Test Framework</Filter>
    </ClInclude>
    <ClInclude Include="$(TESTFW_BASE_LOCAL)\com.sysprogs.unittest.CppUTest\include\CppUTest\TeamCityTestOutput.h">
      <Filter>Header files\Device-specific files\Test Framework</Filter>
    </ClInclude>
    <ClInclude Include="$(TESTFW_BASE_LOCAL)\com.sysprogs.unittest.CppUTest\include\CppUTest\TestFailure.h">
      <Filter>Header files\Device-specific files\Test Framework</Filter>
    </ClInclude>
    <ClInclude Include="$(TESTFW_BASE_LOCAL)\com.sysprogs.unittest.CppUTest\include\CppUTest\TestFilter.h">
      <Filter>Header files\Device-specific files\Test Framework</Filter>
    </ClInclude>
    <ClInclude Include="$(TESTFW_BASE_LOCAL)\com.sysprogs.unittest.CppUTest\include\CppUTest\TestHarness.h">
      <Filter>Header files\Device-specific files\Test Framework</Filter>
    </ClInclude>
    <ClInclude Include="$(TESTFW_BASE_LOCAL)\com.sysprogs.unittest.CppUTest\include\CppUTest\TestHarness_c.h">
      <Filter>Header files\Device-specific files\Test Framework</Filter>
    </ClInclude>
    <ClInclude Include="$(TESTFW_BASE_LOCAL)\com.sysprogs.unittest.CppUTest\include\CppUTest\TestMemoryAllocator.h">
      <Filter>Header files\Device-specific files\Test Framework</Filter>
    </ClInclude>
    <ClInclude Include="$(TESTFW_BASE_LOCAL)\com.sysprogs.unittest.CppUTest\include\CppUTest\TestOutput.h">
      <Filter>Header files\Device-specific files\Test Framework</Filter>
    </ClInclude>
    <ClInclude Include="$(TESTFW_BASE_LOCAL)\com.sysprogs.unittest.CppUTest\include\CppUTest\TestPlugin.h">
      <Filter>Header files\Device-specific files\Test Framework</Filter>
    </ClInclude>
    <ClInclude Include="$(TESTFW_BASE_LOCAL)\com.sysprogs.unittest.CppUTest\include\CppUTest\TestRegistry.h">
      <Filter>Header files\Device-specific files\Test Framework</Filter>
    </ClInclude>
    <ClInclude Include="$(TESTFW_BASE_LOCAL)\com.sysprogs.unittest.CppUTest\include\CppUTest\TestResult.h">
      <Filter>Header files\Device-specific files\Test Framework</Filter>
    </ClInclude>
    <ClInclude Include="$(TESTFW_BASE_LOCAL)\com.sysprogs.unittest.CppUTest\include\CppUTest\TestTestingFixture.h">
      <Filter>Header files\Device-specific files\Test Framework</Filter>
    </ClInclude>
    <ClInclude Include="$(TESTFW_BASE_LOCAL)\com.sysprogs.unittest.CppUTest\include\CppUTest\Utest.h">
      <Filter>Header files\Device-specific files\Test Framework</Filter>
    </ClInclude>
    <ClInclude Include="$(TESTFW_BASE_LOCAL)\com.sysprogs.unittest.CppUTest\include\CppUTest\UtestMacros.h">
      <Filter>Header files\Device-specific files\Test Framework</Filter>
    </ClInclude>
    <ClInclude Include="$(TESTFW_BASE_LOCAL)\com.sysprogs.unittest.CppUTest\Platforms\SysprogsTestHooks.h">
      <Filter>Header files\Device-specific files\Test Framework</Filter>
    </ClInclude>
    <None Include="UTestsForDebug_CAN_Tests-Debug.vgdbsettings">
      <Filter>VisualGDB settings</Filter>
    </None>
    <None Include="UTestsForDebug_CAN_Tests-Release.vgdbsettings">
      <Filter>VisualGDB settings</Filter>
    </None>
    <None Include="stm32.xml">
      <Filter>VisualGDB settings</Filter>
    </None>
  </ItemGroup>
  <ItemGroup>
    <ClCompile Include="..\UTestsForDebug_CAN\can_module.cpp">
      <Filter>ProjectSources</Filter>
    </ClCompile>
    <ClCompile Include="..\UTestsForDebug_CAN\communication.cpp">
      <Filter>ProjectSources</Filter>
    </ClCompile>
    <ClCompile Include="..\UTestsForDebug_CAN\Src\stm32f4xx_hal_msp.c">
      <Filter>ProjectSources</Filter>
    </ClCompile>
    <ClCompile Include="..\UTestsForDebug_CAN\Src\stm32f4xx_it.c">
      <Filter>ProjectSources</Filter>
    </ClCompile>
    <ClCompile Include="..\UTestsForDebug_CAN\Src\system_stm32f4xx.c">
      <Filter>ProjectSources</Filter>
    </ClCompile>
    <ClCompile Include="..\UTestsForDebug_CAN\BSP\STM32F4xxxx\STM32F4xx_HAL_Driver\Src\stm32f4xx_hal.c">
      <Filter>ProjectSources</Filter>
    </ClCompile>
    <ClCompile Include="..\UTestsForDebug_CAN\BSP\STM32F4xxxx\STM32F4xx_HAL_Driver\Src\stm32f4xx_hal_can.c">
      <Filter>ProjectSources</Filter>
    </ClCompile>
    <ClCompile Include="..\UTestsForDebug_CAN\BSP\STM32F4xxxx\STM32F4xx_HAL_Driver\Src\stm32f4xx_hal_cortex.c">
      <Filter>ProjectSources</Filter>
    </ClCompile>
    <ClCompile Include="..\UTestsForDebug_CAN\BSP\STM32F4xxxx\STM32F4xx_HAL_Driver\Src\stm32f4xx_hal_dma.c">
      <Filter>ProjectSources</Filter>
    </ClCompile>
    <ClCompile Include="..\UTestsForDebug_CAN\BSP\STM32F4xxxx\STM32F4xx_HAL_Driver\Src\stm32f4xx_hal_gpio.c">
      <Filter>ProjectSources</Filter>
    </ClCompile>
    <ClCompile Include="..\UTestsForDebug_CAN\BSP\STM32F4xxxx\STM32F4xx_HAL_Driver\Src\stm32f4xx_hal_i2c.c">
      <Filter>ProjectSources</Filter>
    </ClCompile>
    <ClCompile Include="..\UTestsForDebug_CAN\BSP\STM32F4xxxx\STM32F4xx_HAL_Driver\Src\stm32f4xx_hal_rcc.c">
      <Filter>ProjectSources</Filter>
    </ClCompile>
    <ClCompile Include="..\UTestsForDebug_CAN\BSP\STM32F4xxxx\StartupFiles\startup_stm32f407xx.c">
      <Filter>ProjectSources</Filter>
    </ClCompile>
    <ClCompile Include="UTestsForDebug_CAN_Tests.cpp">
      <Filter>Source files</Filter>
    </ClCompile>
    <ClCompile Include="communication_tests.cpp">
      <Filter>Source files</Filter>
    </ClCompile>
  </ItemGroup>
  <ItemGroup>
    <ClInclude Include="..\UTestsForDebug_CAN\Inc\main.h">
      <Filter>ProjectSources</Filter>
    </ClInclude>
    <ClInclude Include="..\UTestsForDebug_CAN\Inc\stm32f4xx_hal_conf.h">
      <Filter>ProjectSources</Filter>
    </ClInclude>
    <ClInclude Include="..\UTestsForDebug_CAN\Inc\stm32f4xx_it.h">
      <Filter>ProjectSources</Filter>
    </ClInclude>
  </ItemGroup>
</Project>