
Microsoft Visual Studio Solution File, Format Version 12.00
# Visual Studio Version 17
VisualStudioVersion = 17.8.34330.188
MinimumVisualStudioVersion = 10.0.40219.1
Project("{8BC9CEB8-8B4A-11D0-8D11-00A0C91BC942}") = "UTestsForDebug_UART", "UTestsForDebug_UART\UTestsForDebug_UART.vcxproj", "{A7B4EAB0-40B4-4A97-B76B-9B873DC83D28}"
EndProject
Project("{8BC9CEB8-8B4A-11D0-8D11-00A0C91BC942}") = "UTestsForDebug_UART_Tests", "UTestsForDebug_UART_Tests\UTestsForDebug_UART_Tests.vcxproj", "{1C3C92B0-9855-4696-B027-3C7300D9F3EA}"
EndProject
Global
	GlobalSection(SolutionConfigurationPlatforms) = preSolution
		Debug|VisualGDB = Debug|VisualGDB
		Release|VisualGDB = Release|VisualGDB
	EndGlobalSection
	GlobalSection(ProjectConfigurationPlatforms) = postSolution
		{A7B4EAB0-40B4-4A97-B76B-9B873DC83D28}.Debug|VisualGDB.ActiveCfg = Debug|VisualGDB
		{A7B4EAB0-40B4-4A97-B76B-9B873DC83D28}.Debug|VisualGDB.Build.0 = Debug|VisualGDB
		{A7B4EAB0-40B4-4A97-B76B-9B873DC83D28}.Release|VisualGDB.ActiveCfg = Release|VisualGDB
		{A7B4EAB0-40B4-4A97-B76B-9B873DC83D28}.Release|VisualGDB.Build.0 = Release|VisualGDB
		{1C3C92B0-9855-4696-B027-3C7300D9F3EA}.Debug|VisualGDB.ActiveCfg = Debug|VisualGDB
		{1C3C92B0-9855-4696-B027-3C7300D9F3EA}.Debug|VisualGDB.Build.0 = Debug|VisualGDB
		{1C3C92B0-9855-4696-B027-3C7300D9F3EA}.Release|VisualGDB.ActiveCfg = Release|VisualGDB
		{1C3C92B0-9855-4696-B027-3C7300D9F3EA}.Release|VisualGDB.Build.0 = Release|VisualGDB
	EndGlobalSection
	GlobalSection(SolutionProperties) = preSolution
		HideSolutionNode = FALSE
	EndGlobalSection
	GlobalSection(ExtensibilityGlobals) = postSolution
		SolutionGuid = {3D0EA632-79AF-489E-9D42-B3C1753EBD20}
	EndGlobalSection
EndGlobal
