<?xml version="1.0" encoding="utf-8"?>
<Project ToolsVersion="4.0" xmlns="http://schemas.microsoft.com/developer/msbuild/2003">
  <ItemGroup>
    <Filter Include="Source files">
      <UniqueIdentifier>{539c731a-f72b-40b0-95b8-f9c90d7a4441}</UniqueIdentifier>
      <Extensions>cpp;c;cc;cxx;def;odl;idl;hpj;bat;asm;asmx</Extensions>
    </Filter>
    <Filter Include="Header files">
      <UniqueIdentifier>{bbd0a276-62d6-469c-b6fc-3883a701566e}</UniqueIdentifier>
      <Extensions>h;hpp;hxx;hm;inl;inc;xsd</Extensions>
    </Filter>
    <Filter Include="Resource files">
      <UniqueIdentifier>{031df855-ee45-43e6-8426-fc7cb2d58888}</UniqueIdentifier>
      <Extensions>rc;ico;cur;bmp;dlg;rc2;rct;bin;rgs;gif;jpg;jpeg;jpe;resx;tiff;tif;png;wav</Extensions>
    </Filter>
    <Filter Include="Source files\Device-specific files">
      <UniqueIdentifier>{3cd707d9-3001-4f73-8ed9-110a4e8b7a24}</UniqueIdentifier>
    </Filter>
    <Filter Include="Source files\Device-specific files\Semihosting/Profiler">
      <UniqueIdentifier>{ef7d2199-847d-41d4-9692-14d5fa970b69}</UniqueIdentifier>
    </Filter>
    <Filter Include="Source files\Device-specific files\Test Framework">
      <UniqueIdentifier>{229fdd7f-a607-4916-8401-1a58bfdb3d19}</UniqueIdentifier>
    </Filter>
    <Filter Include="Header files\Device-specific files">
      <UniqueIdentifier>{388e5813-b28f-4258-827d-80e22d6bb3e2}</UniqueIdentifier>
    </Filter>
    <Filter Include="Header files\Device-specific files\Semihosting/Profiler">
      <UniqueIdentifier>{32bdf9e8-0e17-40f4-a2dc-ac686aaad46a}</UniqueIdentifier>
    </Filter>
    <Filter Include="Header files\Device-specific files\Test Framework">
      <UniqueIdentifier>{96884401-fe9e-4f0b-a1f6-360b98b8f685}</UniqueIdentifier>
    </Filter>
    <Filter Include="VisualGDB settings">
      <UniqueIdentifier>{9f1b54c6-a1d2-470a-93fb-96982f57394e}</UniqueIdentifier>
    </Filter>
    <Filter Include="ProjectSources">
      <UniqueIdentifier>{36b43728-b324-4214-bcbc-a6166395d3f5}</UniqueIdentifier>
    </Filter>
  </ItemGroup>
  <ItemGroup>
    <None Include="stm32.props">
      <Filter>Source files\Device-specific files</Filter>
    </None>
    <ClCompile Include="$(EFP_BASE)\Profiler\FastSemihosting.cpp">
      <Filter>Source files\Device-specific files\Semihosting/Profiler</Filter>
    </ClCompile>
    <ClCompile Include="$(EFP_BASE)\Profiler\InstrumentingProfiler.cpp">
      <Filter>Source files\Device-specific files\Semihosting/Profiler</Filter>
    </ClCompile>
    <ClCompile Include="$(EFP_BASE)\Profiler\TestResourceManager.cpp">
      <Filter>Source files\Device-specific files\Semihosting/Profiler</Filter>
    </ClCompile>
    <ClCompile Include="$(EFP_BASE)\Profiler\ProfilerRTOS_FreeRTOS.c">
      <Filter>Source files\Device-specific files\Semihosting/Profiler</Filter>
    </ClCompile>
    <ClCompile Include="$(TESTFW_BASE_LOCAL)\com.sysprogs.unittest.CppUTest\src\CppUTest\CommandLineArguments.cpp">
      <Filter>Source files\Device-specific files\Test Framework</Filter>
    </ClCompile>
    <ClCompile Include="$(TESTFW_BASE_LOCAL)\com.sysprogs.unittest.CppUTest\src\CppUTest\CommandLineTestRunner.cpp">
      <Filter>Source files\Device-specific files\Test Framework</Filter>
    </ClCompile>
    <ClCompile Include="$(TESTFW_BASE_LOCAL)\com.sysprogs.unittest.CppUTest\src\CppUTest\JUnitTestOutput.cpp">
      <Filter>Source files\Device-specific files\Test Framework</Filter>
    </ClCompile>
    <ClCompile Include="$(TESTFW_BASE_LOCAL)\com.sysprogs.unittest.CppUTest\src\CppUTest\MemoryLeakDetector.cpp">
      <Filter>Source files\Device-specific files\Test Framework</Filter>
    </ClCompile>
    <ClCompile Include="$(TESTFW_BASE_LOCAL)\com.sysprogs.unittest.CppUTest\src\CppUTest\MemoryLeakWarningPlugin.cpp">
      <Filter>Source files\Device-specific files\Test Framework</Filter>
    </ClCompile>
    <ClCompile Include="$(TESTFW_BASE_LOCAL)\com.sysprogs.unittest.CppUTest\src\CppUTest\SimpleMutex.cpp">
      <Filter>Source files\Device-specific files\Test Framework</Filter>
    </ClCompile>
    <ClCompile Include="$(TESTFW_BASE_LOCAL)\com.sysprogs.unittest.CppUTest\src\CppUTest\SimpleString.cpp">
      <Filter>Source files\Device-specific files\Test Framework</Filter>
    </ClCompile>
    <ClCompile Include="$(TESTFW_BASE_LOCAL)\com.sysprogs.unittest.CppUTest\src\CppUTest\TeamCityTestOutput.cpp">
      <Filter>Source files\Device-specific files\Test Framework</Filter>
    </ClCompile>
    <ClCompile Include="$(TESTFW_BASE_LOCAL)\com.sysprogs.unittest.CppUTest\src\CppUTest\TestFailure.cpp">
      <Filter>Source files\Device-specific files\Test Framework</Filter>
    </ClCompile>
    <ClCompile Include="$(TESTFW_BASE_LOCAL)\com.sysprogs.unittest.CppUTest\src\CppUTest\TestFilter.cpp">
      <Filter>Source files\Device-specific files\Test Framework</Filter>
    </ClCompile>
    <ClCompile Include="$(TESTFW_BASE_LOCAL)\com.sysprogs.unittest.CppUTest\src\CppUTest\TestHarness_c.cpp">
      <Filter>Source files\Device-specific files\Test Framework</Filter>
    </ClCompile>
    <ClCompile Include="$(TESTFW_BASE_LOCAL)\com.sysprogs.unittest.CppUTest\src\CppUTest\TestMemoryAllocator.cpp">
      <Filter>Source files\Device-specific files\Test Framework</Filter>
    </ClCompile>
    <ClCompile Include="$(TESTFW_BASE_LOCAL)\com.sysprogs.unittest.CppUTest\src\CppUTest\TestOutput.cpp">
      <Filter>Source files\Device-specific files\Test Framework</Filter>
    </ClCompile>
    <ClCompile Include="$(TESTFW_BASE_LOCAL)\com.sysprogs.unittest.CppUTest\src\CppUTest\TestPlugin.cpp">
      <Filter>Source files\Device-specific files\Test Framework</Filter>
    </ClCompile>
    <ClCompile Include="$(TESTFW_BASE_LOCAL)\com.sysprogs.unittest.CppUTest\src\CppUTest\TestRegistry.cpp">
      <Filter>Source files\Device-specific files\Test Framework</Filter>
    </ClCompile>
    <ClCompile Include="$(TESTFW_BASE_LOCAL)\com.sysprogs.unittest.CppUTest\src\CppUTest\TestResult.cpp">
      <Filter>Source files\Device-specific files\Test Framework</Filter>
    </ClCompile>
    <ClCompile Include="$(TESTFW_BASE_LOCAL)\com.sysprogs.unittest.CppUTest\src\CppUTest\TestTestingFixture.cpp">
      <Filter>Source files\Device-specific files\Test Framework</Filter>
    </ClCompile>
    <ClCompile Include="$(TESTFW_BASE_LOCAL)\com.sysprogs.unittest.CppUTest\src\CppUTest\Utest.cpp">
      <Filter>Source files\Device-specific files\Test Framework</Filter>
    </ClCompile>
    <ClCompile Include="$(TESTFW_BASE_LOCAL)\com.sysprogs.unittest.CppUTest\Platforms\SysprogsTestHooks.cpp">
      <Filter>Source files\Device-specific files\Test Framework</Filter>
    </ClCompile>
    <ClCompile Include="$(TESTFW_BASE_LOCAL)\com.sysprogs.unittest.CppUTest\Platforms\Embedded\UtestPlatformEmbedded.cpp">
      <Filter>Source files\Device-specific files\Test Framework</Filter>
    </ClCompile>
    <ClInclude Include="$(EFP_BASE)\Profiler\SysprogsProfiler.h">
      <Filter>Header files\Device-specific files\Semihosting/Profiler</Filter>
    </ClInclude>
    <ClInclude Include="$(EFP_BASE)\Profiler\SmallNumberCoder.h">
      <Filter>Header files\Device-specific files\Semihosting/Profiler</Filter>
    </ClInclude>
    <ClInclude Include="$(EFP_BASE)\Profiler\SysprogsProfilerInterface.h">
      <Filter>Header files\Device-specific files\Semihosting/Profiler</Filter>
    </ClInclude>
    <ClInclude Include="$(EFP_BASE)\Profiler\ProfilerFreeRTOSHooks.h">
      <Filter>Header files\Device-specific files\Semihosting/Profiler</Filter>
    </ClInclude>
    <ClInclude Include="$(EFP_BASE)\Profiler\CustomRealTimeWatches.h">
      <Filter>Header files\Device-specific files\Semihosting/Profiler</Filter>
    </ClInclude>
    <ClInclude Include="$(EFP_BASE)\Profiler\DebuggerChecker.h">
      <Filter>Header files\Device-specific files\Semihosting/Profiler</Filter>
    </ClInclude>
    <ClInclude Include="$(TESTFW_BASE_LOCAL)\com.sysprogs.unittest.CppUTest\include\CppUTest\CommandLineArguments.h">
      <Filter>Header files\Device-specific files\Test Framework</Filter>
    </ClInclude>
    <ClInclude Include="$(TESTFW_BASE_LOCAL)\com.sysprogs.unittest.CppUTest\include\CppUTest\CommandLineTestRunner.h">
      <Filter>Header files\Device-specific files\Test Framework</Filter>
    </ClInclude>
    <ClInclude Include="$(TESTFW_BASE_LOCAL)\com.sysprogs.unittest.CppUTest\include\CppUTest\CppUTestConfig.h">
      <Filter>Header files\Device-specific files\Test Framework</Filter>
    </ClInclude>
    <ClInclude Include="$(TESTFW_BASE_LOCAL)\com.sysprogs.unittest.CppUTest\include\CppUTest\CppUTestGeneratedConfig.h">
      <Filter>Header files\Device-specific files\Test Framework</Filter>
    </ClInclude>
    <ClInclude Include="$(TESTFW_BASE_LOCAL)\com.sysprogs.unittest.CppUTest\include\CppUTest\JUnitTestOutput.h">
      <Filter>Header files\Device-specific files\Test Framework</Filter>
    </ClInclude>
    <ClInclude Include="$(TESTFW_BASE_LOCAL)\com.sysprogs.unittest.CppUTest\include\CppUTest\MemoryLeakDetector.h">
      <Filter>Header files\Device-specific files\Test Framework</Filter>
    </ClInclude>
    <ClInclude Include="$(TESTFW_BASE_LOCAL)\com.sysprogs.unittest.CppUTest\include\CppUTest\MemoryLeakDetectorMallocMacros.h">
      <Filter>Header files\Device-specific files\Test Framework</Filter>
    </ClInclude>
    <ClInclude Include="$(TESTFW_BASE_LOCAL)\com.sysprogs.unittest.CppUTest\include\CppUTest\MemoryLeakDetectorNewMacros.h">
      <Filter>Header files\Device-specific files\Test Framework</Filter>
    </ClInclude>
    <ClInclude Include="$(TESTFW_BASE_LOCAL)\com.sysprogs.unittest.CppUTest\include\CppUTest\MemoryLeakWarningPlugin.h">
      <Filter>Header files\Device-specific files\Test Framework</Filter>
    </ClInclude>
    <ClInclude Include="$(TESTFW_BASE_LOCAL)\com.sysprogs.unittest.CppUTest\include\CppUTest\PlatformSpecificFunctions.h">
      <Filter>Header files\Device-specific files\Test Framework</Filter>
    </ClInclude>
    <ClInclude Include="$(TESTFW_BASE_LOCAL)\com.sysprogs.unittest.CppUTest\include\CppUTest\PlatformSpecificFunctions_c.h">
      <Filter>Header files\Device-specific files\Test Framework</Filter>
    </ClInclude>
    <ClInclude Include="$(TESTFW_BASE_LOCAL)\com.sysprogs.unittest.CppUTest\include\CppUTest\SimpleMutex.h">
      <Filter>Header files\Device-specific files\Test Framework</Filter>
    </ClInclude>
    <ClInclude Include="$(TESTFW_BASE_LOCAL)\com.sysprogs.unittest.CppUTest\include\CppUTest\SimpleString.h">
      <Filter>Header files\Device-specific files\Test Framework</Filter>
    </ClInclude>
    <ClInclude Include="$(TESTFW_BASE_LOCAL)\com.sysprogs.unittest.CppUTest\include\CppUTest\StandardCLibrary.h">
      <Filter>Header files\Device-specific files\Test Framework</Filter>
    </ClInclude>
    <ClInclude Include="$(TESTFW_BASE_LOCAL)\com.sysprogs.unittest.CppUTest\include\CppUTest\TeamCityTestOutput.h">
      <Filter>Header files\Device-specific files\Test Framework</Filter>
    </ClInclude>
    <ClInclude Include="$(TESTFW_BASE_LOCAL)\com.sysprogs.unittest.CppUTest\include\CppUTest\TestFailure.h">
      <Filter>Header files\Device-specific files\Test Framework</Filter>
    </ClInclude>
    <ClInclude Include="$(TESTFW_BASE_LOCAL)\com.sysprogs.unittest.CppUTest\include\CppUTest\TestFilter.h">
      <Filter>Header files\Device-specific files\Test Framework</Filter>
    </ClInclude>
    <ClInclude Include="$(TESTFW_BASE_LOCAL)\com.sysprogs.unittest.CppUTest\include\CppUTest\TestHarness.h">
      <Filter>Header files\Device-specific files\Test Framework</Filter>
    </ClInclude>
    <ClInclude Include="$(TESTFW_BASE_LOCAL)\com.sysprogs.unittest.CppUTest\include\CppUTest\TestHarness_c.h">
      <Filter>Header files\Device-specific files\Test Framework</Filter>
    </ClInclude>
    <ClInclude Include="$(TESTFW_BASE_LOCAL)\com.sysprogs.unittest.CppUTest\include\CppUTest\TestMemoryAllocator.h">
      <Filter>Header files\Device-specific files\Test Framework</Filter>
    </ClInclude>
    <ClInclude Include="$(TESTFW_BASE_LOCAL)\com.sysprogs.unittest.CppUTest\include\CppUTest\TestOutput.h">
      <Filter>Header files\Device-specific files\Test Framework</Filter>
    </ClInclude>
    <ClInclude Include="$(TESTFW_BASE_LOCAL)\com.sysprogs.unittest.CppUTest\include\CppUTest\TestPlugin.h">
      <Filter>Header files\Device-specific files\Test Framework</Filter>
    </ClInclude>
    <ClInclude Include="$(TESTFW_BASE_LOCAL)\com.sysprogs.unittest.CppUTest\include\CppUTest\TestRegistry.h">
      <Filter>Header files\Device-specific files\Test Framework</Filter>
    </ClInclude>
    <ClInclude Include="$(TESTFW_BASE_LOCAL)\com.sysprogs.unittest.CppUTest\include\CppUTest\TestResult.h">
      <Filter>Header files\Device-specific files\Test Framework</Filter>
    </ClInclude>
    <ClInclude Include="$(TESTFW_BASE_LOCAL)\com.sysprogs.unittest.CppUTest\include\CppUTest\TestTestingFixture.h">
      <Filter>Header files\Device-specific files\Test Framework</Filter>
    </ClInclude>
    <ClInclude Include="$(TESTFW_BASE_LOCAL)\com.sysprogs.unittest.CppUTest\include\CppUTest\Utest.h">
      <Filter>Header files\Device-specific files\Test Framework</Filter>
    </ClInclude>
    <ClInclude Include="$(TESTFW_BASE_LOCAL)\com.sysprogs.unittest.CppUTest\include\CppUTest\UtestMacros.h">
      <Filter>Header files\Device-specific files\Test Framework</Filter>
    </ClInclude>
    <ClInclude Include="$(TESTFW_BASE_LOCAL)\com.sysprogs.unittest.CppUTest\Platforms\SysprogsTestHooks.h">
      <Filter>Header files\Device-specific files\Test Framework</Filter>
    </ClInclude>
    <None Include="UTestsForDebug_UART_Tests-Debug.vgdbsettings">
      <Filter>VisualGDB settings</Filter>
    </None>
    <None Include="UTestsForDebug_UART_Tests-Release.vgdbsettings">
      <Filter>VisualGDB settings</Filter>
    </None>
    <None Include="stm32.xml">
      <Filter>VisualGDB settings</Filter>
    </None>
  </ItemGroup>
  <ItemGroup>
    <ClCompile Include="..\UTestsForDebug_UART\communication.cpp">
      <Filter>ProjectSources</Filter>
    </ClCompile>
    <ClCompile Include="..\UTestsForDebug_UART\Src\stm32f4xx_hal_msp.c">
      <Filter>ProjectSources</Filter>
    </ClCompile>
    <ClCompile Include="..\UTestsForDebug_UART\Src\stm32f4xx_it.c">
      <Filter>ProjectSources</Filter>
    </ClCompile>
    <ClCompile Include="..\UTestsForDebug_UART\Src\system_stm32f4xx.c">
      <Filter>ProjectSources</Filter>
    </ClCompile>
    <ClCompile Include="..\UTestsForDebug_UART\BSP\STM32F4xxxx\STM32F4xx_HAL_Driver\Src\stm32f4xx_hal.c">
      <Filter>ProjectSources</Filter>
    </ClCompile>
    <ClCompile Include="..\UTestsForDebug_UART\BSP\STM32F4xxxx\STM32F4xx_HAL_Driver\Src\stm32f4xx_hal_cortex.c">
      <Filter>ProjectSources</Filter>
    </ClCompile>
    <ClCompile Include="..\UTestsForDebug_UART\BSP\STM32F4xxxx\STM32F4xx_HAL_Driver\Src\stm32f4xx_hal_dma.c">
      <Filter>ProjectSources</Filter>
    </ClCompile>
    <ClCompile Include="..\UTestsForDebug_UART\BSP\STM32F4xxxx\STM32F4xx_HAL_Driver\Src\stm32f4xx_hal_gpio.c">
      <Filter>ProjectSources</Filter>
    </ClCompile>
    <ClCompile Include="..\UTestsForDebug_UART\BSP\STM32F4xxxx\STM32F4xx_HAL_Driver\Src\stm32f4xx_hal_i2c.c">
      <Filter>ProjectSources</Filter>
    </ClCompile>
    <ClCompile Include="..\UTestsForDebug_UART\BSP\STM32F4xxxx\STM32F4xx_HAL_Driver\Src\stm32f4xx_hal_rcc.c">
      <Filter>ProjectSources</Filter>
    </ClCompile>
    <ClCompile Include="..\UTestsForDebug_UART\BSP\STM32F4xxxx\STM32F4xx_HAL_Driver\Src\stm32f4xx_hal_uart.c">
      <Filter>ProjectSources</Filter>
    </ClCompile>
    <ClCompile Include="..\UTestsForDebug_UART\BSP\STM32F4xxxx\StartupFiles\startup_stm32f407xx.c">
      <Filter>ProjectSources</Filter>
    </ClCompile>
    <ClCompile Include="UTestsForDebug_UART_Tests.cpp">
      <Filter>Source files</Filter>
    </ClCompile>
    <ClCompile Include="communication_tests.cpp">
      <Filter>Source files</Filter>
    </ClCompile>
    <ClCompile Include="$(TESTFW_BASE_LOCAL)\com.sysprogs.unittest.CppUTest\src\CppUTestExt\MockActualCall.cpp">
      <Filter>Source files\Device-specific files\Test Framework</Filter>
    </ClCompile>
    <ClCompile Include="$(TESTFW_BASE_LOCAL)\com.sysprogs.unittest.CppUTest\src\CppUTestExt\MockExpectedCall.cpp">
      <Filter>Source files\Device-specific files\Test Framework</Filter>
    </ClCompile>
    <ClCompile Include="$(TESTFW_BASE_LOCAL)\com.sysprogs.unittest.CppUTest\src\CppUTestExt\MockExpectedCallsList.cpp">
      <Filter>Source files\Device-specific files\Test Framework</Filter>
    </ClCompile>
    <ClCompile Include="$(TESTFW_BASE_LOCAL)\com.sysprogs.unittest.CppUTest\src\CppUTestExt\MockFailure.cpp">
      <Filter>Source files\Device-specific files\Test Framework</Filter>
    </ClCompile>
    <ClCompile Include="$(TESTFW_BASE_LOCAL)\com.sysprogs.unittest.CppUTest\src\CppUTestExt\MockNamedValue.cpp">
      <Filter>Source files\Device-specific files\Test Framework</Filter>
    </ClCompile>
    <ClCompile Include="$(TESTFW_BASE_LOCAL)\com.sysprogs.unittest.CppUTest\src\CppUTestExt\MockSupport.cpp">
      <Filter>Source files\Device-specific files\Test Framework</Filter>
    </ClCompile>
    <ClCompile Include="$(TESTFW_BASE_LOCAL)\com.sysprogs.unittest.CppUTest\src\CppUTestExt\MockSupport_c.cpp">
      <Filter>Source files\Device-specific files\Test Framework</Filter>
    </ClCompile>
    <ClCompile Include="$(TESTFW_BASE_LOCAL)\com.sysprogs.unittest.CppUTest\src\CppUTestExt\MockSupportPlugin.cpp">
      <Filter>Source files\Device-specific files\Test Framework</Filter>
    </ClCompile>
  </ItemGroup>
  <ItemGroup>
    <ClInclude Include="..\UTestsForDebug_UART\Inc\main.h">
      <Filter>ProjectSources</Filter>
    </ClInclude>
    <ClInclude Include="..\UTestsForDebug_UART\Inc\stm32f4xx_hal_conf.h">
      <Filter>ProjectSources</Filter>
    </ClInclude>
    <ClInclude Include="..\UTestsForDebug_UART\Inc\stm32f4xx_it.h">
      <Filter>ProjectSources</Filter>
    </ClInclude>
  </ItemGroup>
</Project>